<?xml version="1.0" encoding="utf-8"?>
<Project ToolsVersion="4.0" xmlns="http://schemas.microsoft.com/developer/msbuild/2003">
  <ItemGroup>
    <ClCompile Include="$(MSBuildThisFileDirectory)TD_Entity.cpp">
      <Filter>Common</Filter>
    </ClCompile>
    <ClCompile Include="$(MSBuildThisFileDirectory)TD_Component.cpp">
      <Filter>Component</Filter>
    </ClCompile>
    <ClCompile Include="$(MSBuildThisFileDirectory)TD_GameObject.cpp">
      <Filter>GameObject</Filter>
    </ClCompile>
    <ClCompile Include="$(MSBuildThisFileDirectory)TD_Level.cpp">
      <Filter>Level</Filter>
    </ClCompile>
    <ClCompile Include="$(MSBuildThisFileDirectory)TD_LevelManager.cpp">
      <Filter>Level</Filter>
    </ClCompile>
    <ClCompile Include="$(MSBuildThisFileDirectory)TD_Input.cpp">
      <Filter>Helpers</Filter>
    </ClCompile>
    <ClCompile Include="$(MSBuildThisFileDirectory)TD_Time.cpp">
      <Filter>Helpers</Filter>
    </ClCompile>
    <ClCompile Include="$(MSBuildThisFileDirectory)TD_SpriteRenderer.cpp">
      <Filter>Component</Filter>
    </ClCompile>
    <ClCompile Include="$(MSBuildThisFileDirectory)TD_Transform.cpp">
      <Filter>Component</Filter>
    </ClCompile>
    <ClCompile Include="$(MSBuildThisFileDirectory)TD_math.cpp">
      <Filter>Common</Filter>
    </ClCompile>
    <ClCompile Include="$(MSBuildThisFileDirectory)TD_Asset.cpp">
      <Filter>Asset</Filter>
    </ClCompile>
    <ClCompile Include="$(MSBuildThisFileDirectory)TD_Assets.cpp">
      <Filter>Asset</Filter>
    </ClCompile>
    <ClCompile Include="$(MSBuildThisFileDirectory)TD_Layer.cpp">
      <Filter>Layer</Filter>
    </ClCompile>
    <ClCompile Include="$(MSBuildThisFileDirectory)TD_Texture.cpp">
      <Filter>Asset\Texture</Filter>
    </ClCompile>
    <ClCompile Include="$(MSBuildThisFileDirectory)TD_GameInstance.cpp">
      <Filter>GameInstance</Filter>
    </ClCompile>
    <ClCompile Include="$(MSBuildThisFileDirectory)TD_ScriptComponent.cpp">
      <Filter>Component</Filter>
    </ClCompile>
  </ItemGroup>
  <ItemGroup>
    <ClInclude Include="$(MSBuildThisFileDirectory)CommonInclude.h">
      <Filter>Common</Filter>
    </ClInclude>
    <ClInclude Include="$(MSBuildThisFileDirectory)TD_Entity.h">
      <Filter>Common</Filter>
    </ClInclude>
    <ClInclude Include="$(MSBuildThisFileDirectory)TD_Component.h">
      <Filter>Component</Filter>
    </ClInclude>
    <ClInclude Include="$(MSBuildThisFileDirectory)TD_GameObject.h">
      <Filter>GameObject</Filter>
    </ClInclude>
    <ClInclude Include="$(MSBuildThisFileDirectory)TD_Level.h">
      <Filter>Level</Filter>
    </ClInclude>
    <ClInclude Include="$(MSBuildThisFileDirectory)TD_LevelManager.h">
      <Filter>Level</Filter>
    </ClInclude>
    <ClInclude Include="$(MSBuildThisFileDirectory)TD_Input.h">
      <Filter>Helpers</Filter>
    </ClInclude>
    <ClInclude Include="$(MSBuildThisFileDirectory)TD_Time.h">
      <Filter>Helpers</Filter>
    </ClInclude>
    <ClInclude Include="$(MSBuildThisFileDirectory)TD_SpriteRenderer.h">
      <Filter>Component</Filter>
    </ClInclude>
    <ClInclude Include="$(MSBuildThisFileDirectory)TD_Transform.h">
      <Filter>Component</Filter>
    </ClInclude>
    <ClInclude Include="$(MSBuildThisFileDirectory)TD_math.h">
      <Filter>Common</Filter>
    </ClInclude>
    <ClInclude Include="$(MSBuildThisFileDirectory)TD_Enum.h">
      <Filter>Common</Filter>
    </ClInclude>
    <ClInclude Include="$(MSBuildThisFileDirectory)TD_Object.h">
      <Filter>Component</Filter>
    </ClInclude>
    <ClInclude Include="$(MSBuildThisFileDirectory)TD_Assets.h">
      <Filter>Asset</Filter>
    </ClInclude>
    <ClInclude Include="$(MSBuildThisFileDirectory)TD_Asset.h">
      <Filter>Asset</Filter>
    </ClInclude>
    <ClInclude Include="$(MSBuildThisFileDirectory)TD_Layer.h">
      <Filter>Layer</Filter>
    </ClInclude>
    <ClInclude Include="$(MSBuildThisFileDirectory)TD_Texture.h">
      <Filter>Asset\Texture</Filter>
    </ClInclude>
    <ClInclude Include="$(MSBuildThisFileDirectory)TD_GameInstance.h">
      <Filter>GameInstance</Filter>
    </ClInclude>
    <ClInclude Include="$(MSBuildThisFileDirectory)TD_ScriptComponent.h">
      <Filter>Component</Filter>
    </ClInclude>
  </ItemGroup>
  <ItemGroup>
    <Filter Include="Common">
      <UniqueIdentifier>{9bb95308-70e7-4285-a2c5-7ddfe189d15b}</UniqueIdentifier>
    </Filter>
    <Filter Include="GameObject">
      <UniqueIdentifier>{4493f765-019f-4623-b686-8a14a0faf89a}</UniqueIdentifier>
    </Filter>
    <Filter Include="Component">
      <UniqueIdentifier>{115a055c-3f4d-4413-9373-5596e5f0b267}</UniqueIdentifier>
    </Filter>
    <Filter Include="Level">
      <UniqueIdentifier>{b6e3ae0d-ae02-4d5a-b80c-2331ebe391bc}</UniqueIdentifier>
    </Filter>
    <Filter Include="Helpers">
      <UniqueIdentifier>{20a90590-f46b-4773-8a3d-461d0b0fd3ed}</UniqueIdentifier>
    </Filter>
    <Filter Include="Layer">
      <UniqueIdentifier>{dbd4f0c1-110c-4ca6-84d4-fd8d7b5aa7ec}</UniqueIdentifier>
    </Filter>
    <Filter Include="Asset">
      <UniqueIdentifier>{62951755-89d0-4ac3-a87d-1de749bd2f06}</UniqueIdentifier>
    </Filter>
    <Filter Include="Asset\Texture">
      <UniqueIdentifier>{96c791c2-7a88-4827-b20e-c7e024a834ef}</UniqueIdentifier>
    </Filter>
    <Filter Include="GameInstance">
      <UniqueIdentifier>{cb89e5f2-b263-4b9b-876c-fa818bb7c6d7}</UniqueIdentifier>
    </Filter>
  </ItemGroup>
</Project>